// !$*UTF8*$!
{
	archiveVersion = 1;
	classes = {
	};
	objectVersion = 56;
	objects = {

/* Begin PBXBuildFile section */
		C0FFEE00000000000000000B /* launcher.c in Sources */ = {isa = PBXBuildFile; fileRef = C0FFEE000000000000000006 /* launcher.c */; };
/* End PBXBuildFile section */

/* Begin PBXFileReference section */
		C0FFEE000000000000000005 /* PC Stats Panel.app */ = {isa = PBXFileReference; explicitFileType = wrapper.application; includeInIndex = 0; path = "PC Stats Panel.app"; sourceTree = BUILT_PRODUCTS_DIR; };
		C0FFEE000000000000000006 /* launcher.c */ = {isa = PBXFileReference; lastKnownFileType = sourcecode.c.c; name = launcher.c; path = ../launcher.c; sourceTree = "<group>"; };
		C0FFEE000000000000000007 /* Info.plist */ = {isa = PBXFileReference; lastKnownFileType = text.plist.xml; path = Info.plist; sourceTree = "<group>"; };
		C0FFEE000000000000000008 /* assemble.sh */ = {isa = PBXFileReference; lastKnownFileType = text.script.sh; path = assemble.sh; sourceTree = "<group>"; };
/* End PBXFileReference section */

/* Begin PBXFrameworksBuildPhase section */
		C0FFEE000000000000000012 /* Frameworks */ = {
			isa = PBXFrameworksBuildPhase;
			buildActionMask = 2147483647;
			files = (
			);
			runOnlyForDeploymentPostprocessing = 0;
		};
/* End PBXFrameworksBuildPhase section */

/* Begin PBXGroup section */
		C0FFEE000000000000000002 = {
			isa = PBXGroup;
			children = (
				C0FFEE000000000000000006 /* launcher.c */,
				C0FFEE000000000000000007 /* Info.plist */,
				C0FFEE000000000000000008 /* assemble.sh */,
				C0FFEE000000000000000003 /* Products */,
			);
			sourceTree = "<group>";
		};
		C0FFEE000000000000000003 /* Products */ = {
			isa = PBXGroup;
			children = (
				C0FFEE000000000000000005 /* PC Stats Panel.app */,
			);
			name = Products;
			sourceTree = "<group>";
		};
/* End PBXGroup section */

/* Begin PBXNativeTarget section */
		C0FFEE000000000000000004 /* PC Stats Panel */ = {
			isa = PBXNativeTarget;
			buildConfigurationList = C0FFEE00000000000000000F /* Build configuration list for PBXNativeTarget "PC Stats Panel" */;
			buildPhases = (
				C0FFEE000000000000000009 /* Sources */,
				C0FFEE000000000000000012 /* Frameworks */,
				C0FFEE00000000000000000A /* Assemble resources */,
			);
			buildRules = (
			);
			dependencies = (
			);
			name = "PC Stats Panel";
			productName = "PC Stats Panel";
			productReference = C0FFEE000000000000000005 /* PC Stats Panel.app */;
			productType = "com.apple.product-type.application";
		};
/* End PBXNativeTarget section */

/* Begin PBXProject section */
		C0FFEE000000000000000001 /* Project object */ = {
			isa = PBXProject;
			attributes = {
				BuildIndependentTargetsInParallel = 1;
				LastUpgradeCheck = 1500;
				TargetAttributes = {
					C0FFEE000000000000000004 = {
						CreatedOnToolsVersion = 15.0;
					};
				};
			};
			buildConfigurationList = C0FFEE00000000000000000C /* Build configuration list for PBXProject "PC Stats Panel" */;
			compatibilityVersion = "Xcode 14.0";
			developmentRegion = en;
			hasScannedForEncodings = 0;
			knownRegions = (
				en,
				Base,
			);
			mainGroup = C0FFEE000000000000000002;
			productRefGroup = C0FFEE000000000000000003 /* Products */;
			projectDirPath = "";
			projectRoot = "";
			targets = (
				C0FFEE000000000000000004 /* PC Stats Panel */,
			);
		};
/* End PBXProject section */

/* Begin PBXShellScriptBuildPhase section */
		C0FFEE00000000000000000A /* Assemble resources */ = {
			isa = PBXShellScriptBuildPhase;
			alwaysOutOfDate = 1;
			buildActionMask = 2147483647;
			files = (
			);
			inputFileListPaths = (
			);
			inputPaths = (
			);
			name = "Assemble resources";
			outputFileListPaths = (
			);
			outputPaths = (
			);
			runOnlyForDeploymentPostprocessing = 0;
			shellPath = /bin/zsh;
			shellScript = "zsh \"$SRCROOT/assemble.sh\"\n";
		};
/* End PBXShellScriptBuildPhase section */

/* Begin PBXSourcesBuildPhase section */
		C0FFEE000000000000000009 /* Sources */ = {
			isa = PBXSourcesBuildPhase;
			buildActionMask = 2147483647;
			files = (
				C0FFEE00000000000000000B /* launcher.c in Sources */,
			);
			runOnlyForDeploymentPostprocessing = 0;
		};
/* End PBXSourcesBuildPhase section */

/* Begin XCBuildConfiguration section */
		C0FFEE00000000000000000D /* Debug */ = {
			isa = XCBuildConfiguration;
			buildSettings = {
				ALWAYS_SEARCH_USER_PATHS = NO;
				CLANG_ENABLE_OBJC_ARC = NO;
				COPY_PHASE_STRIP = NO;
				DEBUG_INFORMATION_FORMAT = dwarf;
				ENABLE_STRICT_OBJC_MSGSEND = YES;
				ENABLE_USER_SCRIPT_SANDBOXING = NO;
				GCC_C_LANGUAGE_STANDARD = gnu11;
				GCC_OPTIMIZATION_LEVEL = 0;
				MACOSX_DEPLOYMENT_TARGET = 13.0;
				ONLY_ACTIVE_ARCH = YES;
				SDKROOT = macosx;
			};
			name = Debug;
		};
		C0FFEE00000000000000000E /* Release */ = {
			isa = XCBuildConfiguration;
			buildSettings = {
				ALWAYS_SEARCH_USER_PATHS = NO;
				CLANG_ENABLE_OBJC_ARC = NO;
				COPY_PHASE_STRIP = NO;
				DEBUG_INFORMATION_FORMAT = "dwarf-with-dsym";
				ENABLE_STRICT_OBJC_MSGSEND = YES;
				ENABLE_USER_SCRIPT_SANDBOXING = NO;
				GCC_C_LANGUAGE_STANDARD = gnu11;
				GCC_OPTIMIZATION_LEVEL = 2;
				MACOSX_DEPLOYMENT_TARGET = 13.0;
				ONLY_ACTIVE_ARCH = NO;
				SDKROOT = macosx;
			};
			name = Release;
		};
		C0FFEE000000000000000010 /* Debug */ = {
			isa = XCBuildConfiguration;
			buildSettings = {
				CODE_SIGN_STYLE = Automatic;
				COMBINE_HIDPI_IMAGES = YES;
				CURRENT_PROJECT_VERSION = 2.3;
				DEVELOPMENT_TEAM = HL52382HY3;
				ENABLE_HARDENED_RUNTIME = YES;
				EXECUTABLE_NAME = PCStatsPanel;
				GCC_PREPROCESSOR_DEFINITIONS = (
					"BUNDLED=1",
					"$(inherited)",
				);
				GENERATE_INFOPLIST_FILE = NO;
				INFOPLIST_FILE = Info.plist;
				MARKETING_VERSION = 2.3;
				OTHER_LDFLAGS = (
					"-framework",
					ApplicationServices,
					"-framework",
					CoreFoundation,
					"-framework",
					IOKit,
				);
				PRODUCT_BUNDLE_IDENTIFIER = com.pcstatsdock.agent;
				PRODUCT_NAME = "PC Stats Panel";
				SKIP_INSTALL = NO;
			};
			name = Debug;
		};
		C0FFEE000000000000000011 /* Release */ = {
			isa = XCBuildConfiguration;
			buildSettings = {
				CODE_SIGN_STYLE = Automatic;
				COMBINE_HIDPI_IMAGES = YES;
				CURRENT_PROJECT_VERSION = 2.3;
				DEVELOPMENT_TEAM = HL52382HY3;
				ENABLE_HARDENED_RUNTIME = YES;
				EXECUTABLE_NAME = PCStatsPanel;
				GCC_PREPROCESSOR_DEFINITIONS = (
					"BUNDLED=1",
					"$(inherited)",
				);
				GENERATE_INFOPLIST_FILE = NO;
				INFOPLIST_FILE = Info.plist;
				MARKETING_VERSION = 2.3;
				OTHER_LDFLAGS = (
					"-framework",
					ApplicationServices,
					"-framework",
					CoreFoundation,
					"-framework",
					IOKit,
				);
				PRODUCT_BUNDLE_IDENTIFIER = com.pcstatsdock.agent;
				PRODUCT_NAME = "PC Stats Panel";
				SKIP_INSTALL = NO;
			};
			name = Release;
		};
/* End XCBuildConfiguration section */

/* Begin XCConfigurationList section */
		C0FFEE00000000000000000C /* Build configuration list for PBXProject "PC Stats Panel" */ = {
			isa = XCConfigurationList;
			buildConfigurations = (
				C0FFEE00000000000000000D /* Debug */,
				C0FFEE00000000000000000E /* Release */,
			);
			defaultConfigurationIsVisible = 0;
			defaultConfigurationName = Release;
		};
		C0FFEE00000000000000000F /* Build configuration list for PBXNativeTarget "PC Stats Panel" */ = {
			isa = XCConfigurationList;
			buildConfigurations = (
				C0FFEE000000000000000010 /* Debug */,
				C0FFEE000000000000000011 /* Release */,
			);
			defaultConfigurationIsVisible = 0;
			defaultConfigurationName = Release;
		};
/* End XCConfigurationList section */
	};
	rootObject = C0FFEE000000000000000001 /* Project object */;
}
